
Microsoft Visual Studio Solution File, Format Version 12.00
# Visual Studio Version 17
VisualStudioVersion = 17.0.32126.317
MinimumVisualStudioVersion = 10.0.40219.1
Project("{FAE04EC0-301F-11D3-BF4B-00C04F79EFBC}") = "Lab1BoldeskulSofiaCalendar", "Lab1BoldeskulSofiaCalendar\Lab1BoldeskulSofiaCalendar.csproj", "{A3D5AEF4-2F60-4963-B20E-B630150DBE29}"
EndProject
Global
	GlobalSection(SolutionConfigurationPlatforms) = preSolution
		Debug|Any CPU = Debug|Any CPU
		Release|Any CPU = Release|Any CPU
	EndGlobalSection
	GlobalSection(ProjectConfigurationPlatforms) = postSolution
		{A3D5AEF4-2F60-4963-B20E-B630150DBE29}.Debug|Any CPU.ActiveCfg = Debug|Any CPU
		{A3D5AEF4-2F60-4963-B20E-B630150DBE29}.Debug|Any CPU.Build.0 = Debug|Any CPU
		{A3D5AEF4-2F60-4963-B20E-B630150DBE29}.Release|Any CPU.ActiveCfg = Release|Any CPU
		{A3D5AEF4-2F60-4963-B20E-B630150DBE29}.Release|Any CPU.Build.0 = Release|Any CPU
	EndGlobalSection
	GlobalSection(SolutionProperties) = preSolution
		HideSolutionNode = FALSE
	EndGlobalSection
	GlobalSection(ExtensibilityGlobals) = postSolution
		SolutionGuid = {37995C4D-AE63-4B57-96D6-69A05D53E2A9}
	EndGlobalSection
EndGlobal
